PODS:
  - audio_service (0.0.1):
    - Flutter
    - FlutterMacOS
  - audio_session (0.0.1):
    - FlutterMacOS
  - file_picker (0.0.1):
    - FlutterMacOS
  - flutter_secure_storage_macos (6.1.3):
    - FlutterMacOS
  - FlutterMacOS (1.0.0)
  - just_audio (0.0.1):
    - Flutter
    - FlutterMacOS
  - path_provider_foundation (0.0.1):
    - Flutter
    - FlutterMacOS
  - record_macos (1.2.0):
    - FlutterMacOS
  - sqflite_darwin (0.0.4):
    - Flutter
    - FlutterMacOS

DEPENDENCIES:
  - audio_service (from `Flutter/ephemeral/.symlinks/plugins/audio_service/darwin`)
  - audio_session (from `Flutter/ephemeral/.symlinks/plugins/audio_session/macos`)
  - file_picker (from `Flutter/ephemeral/.symlinks/plugins/file_picker/macos`)
  - flutter_secure_storage_macos (from `Flutter/ephemeral/.symlinks/plugins/flutter_secure_storage_macos/macos`)
  - FlutterMacOS (from `Flutter/ephemeral`)
  - just_audio (from `Flutter/ephemeral/.symlinks/plugins/just_audio/darwin`)
  - path_provider_foundation (from `Flutter/ephemeral/.symlinks/plugins/path_provider_foundation/darwin`)
  - record_macos (from `Flutter/ephemeral/.symlinks/plugins/record_macos/macos`)
  - sqflite_darwin (from `Flutter/ephemeral/.symlinks/plugins/sqflite_darwin/darwin`)

EXTERNAL SOURCES:
  audio_service:
    :path: Flutter/ephemeral/.symlinks/plugins/audio_service/darwin
  audio_session:
    :path: Flutter/ephemeral/.symlinks/plugins/audio_session/macos
  file_picker:
    :path: Flutter/ephemeral/.symlinks/plugins/file_picker/macos
  flutter_secure_storage_macos:
    :path: Flutter/ephemeral/.symlinks/plugins/flutter_secure_storage_macos/macos
  FlutterMacOS:
    :path: Flutter/ephemeral
  just_audio:
    :path: Flutter/ephemeral/.symlinks/plugins/just_audio/darwin
  path_provider_foundation:
    :path: Flutter/ephemeral/.symlinks/plugins/path_provider_foundation/darwin
  record_macos:
    :path: Flutter/ephemeral/.symlinks/plugins/record_macos/macos
  sqflite_darwin:
    :path: Flutter/ephemeral/.symlinks/plugins/sqflite_darwin/darwin

SPEC CHECKSUMS:
  audio_service: aa99a6ba2ae7565996015322b0bb024e1d25c6fd
  audio_session: eaca2512cf2b39212d724f35d11f46180ad3a33e
  file_picker: 7584aae6fa07a041af2b36a2655122d42f578c1a
  flutter_secure_storage_macos: 7f45e30f838cf2659862a4e4e3ee1c347c2b3b54
  FlutterMacOS: d0db08ddef1a9af05a5ec4b724367152bb0500b1
  just_audio: 4e391f57b79cad2b0674030a00453ca5ce817eed
  path_provider_foundation: bb55f6dbba17d0dccd6737fe6f7f34fbd0376880
  record_macos: 7f227161b93c49e7e34fe681c5891c8622c8cc8b
  sqflite_darwin: 20b2a3a3b70e43edae938624ce550a3cbf66a3d0

PODFILE CHECKSUM: 1c42ebd2c4ee0d99cba2aab8b3f01881b099fce1

COCOAPODS: 1.16.2
